
Microsoft Visual Studio Solution File, Format Version 12.00
# Visual Studio Version 17
VisualStudioVersion = 17.3.32929.385
MinimumVisualStudioVersion = 10.0.40219.1
Project("{9A19103F-16F7-4668-BE54-9A1E7A4F7556}") = "GvrTool", "GvrTool\GvrTool.csproj", "{A8E8B550-307B-4ED4-BDB6-8AD4E5853C2C}"
EndProject
Project("{9A19103F-16F7-4668-BE54-9A1E7A4F7556}") = "GvrTool.Tests", "GvrTool.Tests\GvrTool.Tests.csproj", "{289BD51C-88FA-47AE-A62F-7C4862500C87}"
EndProject
Global
	GlobalSection(SolutionConfigurationPlatforms) = preSolution
		Debug|Any CPU = Debug|Any CPU
		Release|Any CPU = Release|Any CPU
	EndGlobalSection
	GlobalSection(ProjectConfigurationPlatforms) = postSolution
		{A8E8B550-307B-4ED4-BDB6-8AD4E5853C2C}.Debug|Any CPU.ActiveCfg = Debug|Any CPU
		{A8E8B550-307B-4ED4-BDB6-8AD4E5853C2C}.Debug|Any CPU.Build.0 = Debug|Any CPU
		{A8E8B550-307B-4ED4-BDB6-8AD4E5853C2C}.Release|Any CPU.ActiveCfg = Release|Any CPU
		{A8E8B550-307B-4ED4-BDB6-8AD4E5853C2C}.Release|Any CPU.Build.0 = Release|Any CPU
		{289BD51C-88FA-47AE-A62F-7C4862500C87}.Debug|Any CPU.ActiveCfg = Debug|Any CPU
		{289BD51C-88FA-47AE-A62F-7C4862500C87}.Debug|Any CPU.Build.0 = Debug|Any CPU
		{289BD51C-88FA-47AE-A62F-7C4862500C87}.Release|Any CPU.ActiveCfg = Release|Any CPU
		{289BD51C-88FA-47AE-A62F-7C4862500C87}.Release|Any CPU.Build.0 = Release|Any CPU
	EndGlobalSection
	GlobalSection(SolutionProperties) = preSolution
		HideSolutionNode = FALSE
	EndGlobalSection
	GlobalSection(ExtensibilityGlobals) = postSolution
		SolutionGuid = {1CAA1D40-8098-4E62-B062-6F100FE7200F}
	EndGlobalSection
EndGlobal
